// !$*UTF8*$!
{
	archiveVersion = 1;
	classes = {
	};
	objectVersion = 46;
	objects = {

/* Begin PBXBuildFile section */
		C1BF02161F20751F0078E7FF /* AppDelegate.swift in Sources */ = {isa = PBXBuildFile; fileRef = C1BF02151F20751F0078E7FF /* AppDelegate.swift */; };
		C1BF02181F20751F0078E7FF /* ViewController.swift in Sources */ = {isa = PBXBuildFile; fileRef = C1BF02171F20751F0078E7FF /* ViewController.swift */; };
		C1BF021A1F20751F0078E7FF /* Assets.xcassets in Resources */ = {isa = PBXBuildFile; fileRef = C1BF02191F20751F0078E7FF /* Assets.xcassets */; };
		C1BF021D1F20751F0078E7FF /* Main.storyboard in Resources */ = {isa = PBXBuildFile; fileRef = C1BF021B1F20751F0078E7FF /* Main.storyboard */; };
/* End PBXBuildFile section */

/* Begin PBXFileReference section */
		C1BF02121F20751F0078E7FF /* FileManageTarget.app */ = {isa = PBXFileReference; explicitFileType = wrapper.application; includeInIndex = 0; path = FileManageTarget.app; sourceTree = BUILT_PRODUCTS_DIR; };
		C1BF02151F20751F0078E7FF /* AppDelegate.swift */ = {isa = PBXFileReference; lastKnownFileType = sourcecode.swift; path = AppDelegate.swift; sourceTree = "<group>"; };
		C1BF02171F20751F0078E7FF /* ViewController.swift */ = {isa = PBXFileReference; lastKnownFileType = sourcecode.swift; path = ViewController.swift; sourceTree = "<group>"; };
		C1BF02191F20751F0078E7FF /* Assets.xcassets */ = {isa = PBXFileReference; lastKnownFileType = folder.assetcatalog; path = Assets.xcassets; sourceTree = "<group>"; };
		C1BF021C1F20751F0078E7FF /* Base */ = {isa = PBXFileReference; lastKnownFileType = file.storyboard; name = Base; path = Base.lproj/Main.storyboard; sourceTree = "<group>"; };
		C1BF021E1F20751F0078E7FF /* Info.plist */ = {isa = PBXFileReference; lastKnownFileType = text.plist.xml; path = Info.plist; sourceTree = "<group>"; };
/* End PBXFileReference section */

/* Begin PBXFrameworksBuildPhase section */
		C1BF020F1F20751F0078E7FF /* Frameworks */ = {
			isa = PBXFrameworksBuildPhase;
			buildActionMask = 2147483647;
			files = (
			);
			runOnlyForDeploymentPostprocessing = 0;
		};
/* End PBXFrameworksBuildPhase section */

/* Begin PBXGroup section */
		C1BF02091F20751F0078E7FF = {
			isa = PBXGroup;
			children = (
				C1BF02141F20751F0078E7FF /* FileManageTarget */,
				C1BF02131F20751F0078E7FF /* Products */,
			);
			sourceTree = "<group>";
		};
		C1BF02131F20751F0078E7FF /* Products */ = {
			isa = PBXGroup;
			children = (
				C1BF02121F20751F0078E7FF /* FileManageTarget.app */,
			);
			name = Products;
			sourceTree = "<group>";
		};
		C1BF02141F20751F0078E7FF /* FileManageTarget */ = {
			isa = PBXGroup;
			children = (
				C1BF02151F20751F0078E7FF /* AppDelegate.swift */,
				C1BF02171F20751F0078E7FF /* ViewController.swift */,
				C1BF02191F20751F0078E7FF /* Assets.xcassets */,
				C1BF021B1F20751F0078E7FF /* Main.storyboard */,
				C1BF021E1F20751F0078E7FF /* Info.plist */,
			);
			path = FileManageTarget;
			sourceTree = "<group>";
		};
/* End PBXGroup section */

/* Begin PBXNativeTarget section */
		C1BF02111F20751F0078E7FF /* FileManageTarget */ = {
			isa = PBXNativeTarget;
			buildConfigurationList = C1BF02211F20751F0078E7FF /* Build configuration list for PBXNativeTarget "FileManageTarget" */;
			buildPhases = (
				C1BF020E1F20751F0078E7FF /* Sources */,
				C1BF020F1F20751F0078E7FF /* Frameworks */,
				C1BF02101F20751F0078E7FF /* Resources */,
			);
			buildRules = (
			);
			dependencies = (
			);
			name = FileManageTarget;
			productName = FileManageTarget;
			productReference = C1BF02121F20751F0078E7FF /* FileManageTarget.app */;
			productType = "com.apple.product-type.application";
		};
/* End PBXNativeTarget section */

/* Begin PBXProject section */
		C1BF020A1F20751F0078E7FF /* Project object */ = {
			isa = PBXProject;
			attributes = {
				LastSwiftUpdateCheck = 0830;
				LastUpgradeCheck = 0830;
				ORGANIZATIONNAME = pxl;
				TargetAttributes = {
					C1BF02111F20751F0078E7FF = {
						CreatedOnToolsVersion = 8.3.3;
						DevelopmentTeam = QD82P77WSG;
						ProvisioningStyle = Automatic;
					};
				};
			};
			buildConfigurationList = C1BF020D1F20751F0078E7FF /* Build configuration list for PBXProject "FileManageTarget" */;
			compatibilityVersion = "Xcode 3.2";
			developmentRegion = English;
			hasScannedForEncodings = 0;
			knownRegions = (
				en,
				Base,
			);
			mainGroup = C1BF02091F20751F0078E7FF;
			productRefGroup = C1BF02131F20751F0078E7FF /* Products */;
			projectDirPath = "";
			projectRoot = "";
			targets = (
				C1BF02111F20751F0078E7FF /* FileManageTarget */,
			);
		};
/* End PBXProject section */

/* Begin PBXResourcesBuildPhase section */
		C1BF02101F20751F0078E7FF /* Resources */ = {
			isa = PBXResourcesBuildPhase;
			buildActionMask = 2147483647;
			files = (
				C1BF021A1F20751F0078E7FF /* Assets.xcassets in Resources */,
				C1BF021D1F20751F0078E7FF /* Main.storyboard in Resources */,
			);
			runOnlyForDeploymentPostprocessing = 0;
		};
/* End PBXResourcesBuildPhase section */

/* Begin PBXSourcesBuildPhase section */
		C1BF020E1F20751F0078E7FF /* Sources */ = {
			isa = PBXSourcesBuildPhase;
			buildActionMask = 2147483647;
			files = (
				C1BF02181F20751F0078E7FF /* ViewController.swift in Sources */,
				C1BF02161F20751F0078E7FF /* AppDelegate.swift in Sources */,
			);
			runOnlyForDeploymentPostprocessing = 0;
		};
/* End PBXSourcesBuildPhase section */

/* Begin PBXVariantGroup section */
		C1BF021B1F20751F0078E7FF /* Main.storyboard */ = {
			isa = PBXVariantGroup;
			children = (
				C1BF021C1F20751F0078E7FF /* Base */,
			);
			name = Main.storyboard;
			sourceTree = "<group>";
		};
/* End PBXVariantGroup section */

/* Begin XCBuildConfiguration section */
		C1BF021F1F20751F0078E7FF /* Debug */ = {
			isa = XCBuildConfiguration;
			buildSettings = {
				ALWAYS_SEARCH_USER_PATHS = NO;
				CLANG_ANALYZER_NONNULL = YES;
				CLANG_ANALYZER_NUMBER_OBJECT_CONVERSION = YES_AGGRESSIVE;
				CLANG_CXX_LANGUAGE_STANDARD = "gnu++0x";
				CLANG_CXX_LIBRARY = "libc++";
				CLANG_ENABLE_MODULES = YES;
				CLANG_ENABLE_OBJC_ARC = YES;
				CLANG_WARN_BOOL_CONVERSION = YES;
				CLANG_WARN_CONSTANT_CONVERSION = YES;
				CLANG_WARN_DIRECT_OBJC_ISA_USAGE = YES_ERROR;
				CLANG_WARN_DOCUMENTATION_COMMENTS = YES;
				CLANG_WARN_EMPTY_BODY = YES;
				CLANG_WARN_ENUM_CONVERSION = YES;
				CLANG_WARN_INFINITE_RECURSION = YES;
				CLANG_WARN_INT_CONVERSION = YES;
				CLANG_WARN_OBJC_ROOT_CLASS = YES_ERROR;
				CLANG_WARN_SUSPICIOUS_MOVE = YES;
				CLANG_WARN_UNREACHABLE_CODE = YES;
				CLANG_WARN__DUPLICATE_METHOD_MATCH = YES;
				CODE_SIGN_IDENTITY = "-";
				COPY_PHASE_STRIP = NO;
				DEBUG_INFORMATION_FORMAT = dwarf;
				ENABLE_STRICT_OBJC_MSGSEND = YES;
				ENABLE_TESTABILITY = YES;
				GCC_C_LANGUAGE_STANDARD = gnu99;
				GCC_DYNAMIC_NO_PIC = NO;
				GCC_NO_COMMON_BLOCKS = YES;
				GCC_OPTIMIZATION_LEVEL = 0;
				GCC_PREPROCESSOR_DEFINITIONS = (
					"DEBUG=1",
					"$(inherited)",
				);
				GCC_WARN_64_TO_32_BIT_CONVERSION = YES;
				GCC_WARN_ABOUT_RETURN_TYPE = YES_ERROR;
				GCC_WARN_UNDECLARED_SELECTOR = YES;
				GCC_WARN_UNINITIALIZED_AUTOS = YES_AGGRESSIVE;
				GCC_WARN_UNUSED_FUNCTION = YES;
				GCC_WARN_UNUSED_VARIABLE = YES;
				MACOSX_DEPLOYMENT_TARGET = 10.12;
				MTL_ENABLE_DEBUG_INFO = YES;
				ONLY_ACTIVE_ARCH = YES;
				SDKROOT = macosx;
				SWIFT_ACTIVE_COMPILATION_CONDITIONS = DEBUG;
				SWIFT_OPTIMIZATION_LEVEL = "-Onone";
			};
			name = Debug;
		};
		C1BF02201F20751F0078E7FF /* Release */ = {
			isa = XCBuildConfiguration;
			buildSettings = {
				ALWAYS_SEARCH_USER_PATHS = NO;
				CLANG_ANALYZER_NONNULL = YES;
				CLANG_ANALYZER_NUMBER_OBJECT_CONVERSION = YES_AGGRESSIVE;
				CLANG_CXX_LANGUAGE_STANDARD = "gnu++0x";
				CLANG_CXX_LIBRARY = "libc++";
				CLANG_ENABLE_MODULES = YES;
				CLANG_ENABLE_OBJC_ARC = YES;
				CLANG_WARN_BOOL_CONVERSION = YES;
				CLANG_WARN_CONSTANT_CONVERSION = YES;
				CLANG_WARN_DIRECT_OBJC_ISA_USAGE = YES_ERROR;
				CLANG_WARN_DOCUMENTATION_COMMENTS = YES;
				CLANG_WARN_EMPTY_BODY = YES;
				CLANG_WARN_ENUM_CONVERSION = YES;
				CLANG_WARN_INFINITE_RECURSION = YES;
				CLANG_WARN_INT_CONVERSION = YES;
				CLANG_WARN_OBJC_ROOT_CLASS = YES_ERROR;
				CLANG_WARN_SUSPICIOUS_MOVE = YES;
				CLANG_WARN_UNREACHABLE_CODE = YES;
				CLANG_WARN__DUPLICATE_METHOD_MATCH = YES;
				CODE_SIGN_IDENTITY = "-";
				COPY_PHASE_STRIP = NO;
				DEBUG_INFORMATION_FORMAT = "dwarf-with-dsym";
				ENABLE_NS_ASSERTIONS = NO;
				ENABLE_STRICT_OBJC_MSGSEND = YES;
				GCC_C_LANGUAGE_STANDARD = gnu99;
				GCC_NO_COMMON_BLOCKS = YES;
				GCC_WARN_64_TO_32_BIT_CONVERSION = YES;
				GCC_WARN_ABOUT_RETURN_TYPE = YES_ERROR;
				GCC_WARN_UNDECLARED_SELECTOR = YES;
				GCC_WARN_UNINITIALIZED_AUTOS = YES_AGGRESSIVE;
				GCC_WARN_UNUSED_FUNCTION = YES;
				GCC_WARN_UNUSED_VARIABLE = YES;
				MACOSX_DEPLOYMENT_TARGET = 10.12;
				MTL_ENABLE_DEBUG_INFO = NO;
				SDKROOT = macosx;
				SWIFT_OPTIMIZATION_LEVEL = "-Owholemodule";
			};
			name = Release;
		};
		C1BF02221F20751F0078E7FF /* Debug */ = {
			isa = XCBuildConfiguration;
			buildSettings = {
				ASSETCATALOG_COMPILER_APPICON_NAME = AppIcon;
				COMBINE_HIDPI_IMAGES = YES;
				DEVELOPMENT_TEAM = QD82P77WSG;
				INFOPLIST_FILE = FileManageTarget/Info.plist;
				LD_RUNPATH_SEARCH_PATHS = "$(inherited) @executable_path/../Frameworks";
				PRODUCT_BUNDLE_IDENTIFIER = com.rocfly.FileManageTarget;
				PRODUCT_NAME = "$(TARGET_NAME)";
				SWIFT_VERSION = 3.0;
			};
			name = Debug;
		};
		C1BF02231F20751F0078E7FF /* Release */ = {
			isa = XCBuildConfiguration;
			buildSettings = {
				ASSETCATALOG_COMPILER_APPICON_NAME = AppIcon;
				COMBINE_HIDPI_IMAGES = YES;
				DEVELOPMENT_TEAM = QD82P77WSG;
				INFOPLIST_FILE = FileManageTarget/Info.plist;
				LD_RUNPATH_SEARCH_PATHS = "$(inherited) @executable_path/../Frameworks";
				PRODUCT_BUNDLE_IDENTIFIER = com.rocfly.FileManageTarget;
				PRODUCT_NAME = "$(TARGET_NAME)";
				SWIFT_VERSION = 3.0;
			};
			name = Release;
		};
/* End XCBuildConfiguration section */

/* Begin XCConfigurationList section */
		C1BF020D1F20751F0078E7FF /* Build configuration list for PBXProject "FileManageTarget" */ = {
			isa = XCConfigurationList;
			buildConfigurations = (
				C1BF021F1F20751F0078E7FF /* Debug */,
				C1BF02201F20751F0078E7FF /* Release */,
			);
			defaultConfigurationIsVisible = 0;
			defaultConfigurationName = Release;
		};
		C1BF02211F20751F0078E7FF /* Build configuration list for PBXNativeTarget "FileManageTarget" */ = {
			isa = XCConfigurationList;
			buildConfigurations = (
				C1BF02221F20751F0078E7FF /* Debug */,
				C1BF02231F20751F0078E7FF /* Release */,
			);
			defaultConfigurationIsVisible = 0;
		};
/* End XCConfigurationList section */
	};
	rootObject = C1BF020A1F20751F0078E7FF /* Project object */;
}
